// !$*UTF8*$!
{
	archiveVersion = 1;
	classes = {
	};
	objectVersion = 50;
	objects = {

/* Begin PBXBuildFile section */
		A51DBA2E21EAD6FF00A0F4D2 /* AppDelegate.swift in Sources */ = {isa = PBXBuildFile; fileRef = A51DBA2D21EAD6FF00A0F4D2 /* AppDelegate.swift */; };
		A51DBA3321EAD6FF00A0F4D2 /* Main.storyboard in Resources */ = {isa = PBXBuildFile; fileRef = A51DBA3121EAD6FF00A0F4D2 /* Main.storyboard */; };
		A51DBA3521EAD70100A0F4D2 /* Assets.xcassets in Resources */ = {isa = PBXBuildFile; fileRef = A51DBA3421EAD70100A0F4D2 /* Assets.xcassets */; };
		A51DBA3821EAD70100A0F4D2 /* LaunchScreen.storyboard in Resources */ = {isa = PBXBuildFile; fileRef = A51DBA3621EAD70100A0F4D2 /* LaunchScreen.storyboard */; };
		A51DBA4021EAD77300A0F4D2 /* MoviesTableViewController.swift in Sources */ = {isa = PBXBuildFile; fileRef = A51DBA3F21EAD77300A0F4D2 /* MoviesTableViewController.swift */; };
		A51DBA4321EAD7B600A0F4D2 /* MovieTableViewCell.swift in Sources */ = {isa = PBXBuildFile; fileRef = A51DBA4221EAD7B600A0F4D2 /* MovieTableViewCell.swift */; };
		A51DBA4521EAD7CC00A0F4D2 /* MovieCollectionViewCell.swift in Sources */ = {isa = PBXBuildFile; fileRef = A51DBA4421EAD7CC00A0F4D2 /* MovieCollectionViewCell.swift */; };
		A51DBA4921ED199900A0F4D2 /* MovieConfiguration.plist in Resources */ = {isa = PBXBuildFile; fileRef = A51DBA4821ED199900A0F4D2 /* MovieConfiguration.plist */; };
/* End PBXBuildFile section */

/* Begin PBXFileReference section */
		A51DBA2A21EAD6FF00A0F4D2 /* popular movies app.app */ = {isa = PBXFileReference; explicitFileType = wrapper.application; includeInIndex = 0; path = "popular movies app.app"; sourceTree = BUILT_PRODUCTS_DIR; };
		A51DBA2D21EAD6FF00A0F4D2 /* AppDelegate.swift */ = {isa = PBXFileReference; lastKnownFileType = sourcecode.swift; path = AppDelegate.swift; sourceTree = "<group>"; };
		A51DBA3221EAD6FF00A0F4D2 /* Base */ = {isa = PBXFileReference; lastKnownFileType = file.storyboard; name = Base; path = Base.lproj/Main.storyboard; sourceTree = "<group>"; };
		A51DBA3421EAD70100A0F4D2 /* Assets.xcassets */ = {isa = PBXFileReference; lastKnownFileType = folder.assetcatalog; path = Assets.xcassets; sourceTree = "<group>"; };
		A51DBA3721EAD70100A0F4D2 /* Base */ = {isa = PBXFileReference; lastKnownFileType = file.storyboard; name = Base; path = Base.lproj/LaunchScreen.storyboard; sourceTree = "<group>"; };
		A51DBA3921EAD70100A0F4D2 /* Info.plist */ = {isa = PBXFileReference; lastKnownFileType = text.plist.xml; path = Info.plist; sourceTree = "<group>"; };
		A51DBA3F21EAD77300A0F4D2 /* MoviesTableViewController.swift */ = {isa = PBXFileReference; lastKnownFileType = sourcecode.swift; path = MoviesTableViewController.swift; sourceTree = "<group>"; };
		A51DBA4221EAD7B600A0F4D2 /* MovieTableViewCell.swift */ = {isa = PBXFileReference; lastKnownFileType = sourcecode.swift; path = MovieTableViewCell.swift; sourceTree = "<group>"; };
		A51DBA4421EAD7CC00A0F4D2 /* MovieCollectionViewCell.swift */ = {isa = PBXFileReference; lastKnownFileType = sourcecode.swift; path = MovieCollectionViewCell.swift; sourceTree = "<group>"; };
		A51DBA4821ED199900A0F4D2 /* MovieConfiguration.plist */ = {isa = PBXFileReference; lastKnownFileType = text.plist.xml; path = MovieConfiguration.plist; sourceTree = "<group>"; };
/* End PBXFileReference section */

/* Begin PBXFrameworksBuildPhase section */
		A51DBA2721EAD6FF00A0F4D2 /* Frameworks */ = {
			isa = PBXFrameworksBuildPhase;
			buildActionMask = 2147483647;
			files = (
			);
			runOnlyForDeploymentPostprocessing = 0;
		};
/* End PBXFrameworksBuildPhase section */

/* Begin PBXGroup section */
		A51DBA2121EAD6FF00A0F4D2 = {
			isa = PBXGroup;
			children = (
				A51DBA2C21EAD6FF00A0F4D2 /* popular movies app */,
				A51DBA4721ED196A00A0F4D2 /* Supporting */,
				A51DBA2B21EAD6FF00A0F4D2 /* Products */,
			);
			sourceTree = "<group>";
		};
		A51DBA2B21EAD6FF00A0F4D2 /* Products */ = {
			isa = PBXGroup;
			children = (
				A51DBA2A21EAD6FF00A0F4D2 /* popular movies app.app */,
			);
			name = Products;
			sourceTree = "<group>";
		};
		A51DBA2C21EAD6FF00A0F4D2 /* popular movies app */ = {
			isa = PBXGroup;
			children = (
				A51DBA4621ECFCC400A0F4D2 /* Networking */,
				A51DBA2D21EAD6FF00A0F4D2 /* AppDelegate.swift */,
				A51DBA3121EAD6FF00A0F4D2 /* Main.storyboard */,
				A51DBA4121EAD77700A0F4D2 /* Controllers */,
				A51DBA3621EAD70100A0F4D2 /* LaunchScreen.storyboard */,
				A51DBA3921EAD70100A0F4D2 /* Info.plist */,
			);
			path = "popular movies app";
			sourceTree = "<group>";
		};
		A51DBA4121EAD77700A0F4D2 /* Controllers */ = {
			isa = PBXGroup;
			children = (
				A51DBA3F21EAD77300A0F4D2 /* MoviesTableViewController.swift */,
				A51DBA4221EAD7B600A0F4D2 /* MovieTableViewCell.swift */,
				A51DBA4421EAD7CC00A0F4D2 /* MovieCollectionViewCell.swift */,
			);
			path = Controllers;
			sourceTree = "<group>";
		};
		A51DBA4621ECFCC400A0F4D2 /* Networking */ = {
			isa = PBXGroup;
			children = (
			);
			path = Networking;
			sourceTree = "<group>";
		};
		A51DBA4721ED196A00A0F4D2 /* Supporting */ = {
			isa = PBXGroup;
			children = (
				A51DBA3421EAD70100A0F4D2 /* Assets.xcassets */,
				A51DBA4821ED199900A0F4D2 /* MovieConfiguration.plist */,
			);
			path = Supporting;
			sourceTree = "<group>";
		};
/* End PBXGroup section */

/* Begin PBXNativeTarget section */
		A51DBA2921EAD6FF00A0F4D2 /* popular movies app */ = {
			isa = PBXNativeTarget;
			buildConfigurationList = A51DBA3C21EAD70100A0F4D2 /* Build configuration list for PBXNativeTarget "popular movies app" */;
			buildPhases = (
				A51DBA2621EAD6FF00A0F4D2 /* Sources */,
				A51DBA2721EAD6FF00A0F4D2 /* Frameworks */,
				A51DBA2821EAD6FF00A0F4D2 /* Resources */,
			);
			buildRules = (
			);
			dependencies = (
			);
			name = "popular movies app";
			productName = "popular movies app";
			productReference = A51DBA2A21EAD6FF00A0F4D2 /* popular movies app.app */;
			productType = "com.apple.product-type.application";
		};
/* End PBXNativeTarget section */

/* Begin PBXProject section */
		A51DBA2221EAD6FF00A0F4D2 /* Project object */ = {
			isa = PBXProject;
			attributes = {
				LastSwiftUpdateCheck = 1010;
				LastUpgradeCheck = 1010;
				ORGANIZATIONNAME = "Achem Samuel";
				TargetAttributes = {
					A51DBA2921EAD6FF00A0F4D2 = {
						CreatedOnToolsVersion = 10.1;
					};
				};
			};
			buildConfigurationList = A51DBA2521EAD6FF00A0F4D2 /* Build configuration list for PBXProject "popular movies app" */;
			compatibilityVersion = "Xcode 9.3";
			developmentRegion = en;
			hasScannedForEncodings = 0;
			knownRegions = (
				en,
				Base,
			);
			mainGroup = A51DBA2121EAD6FF00A0F4D2;
			productRefGroup = A51DBA2B21EAD6FF00A0F4D2 /* Products */;
			projectDirPath = "";
			projectRoot = "";
			targets = (
				A51DBA2921EAD6FF00A0F4D2 /* popular movies app */,
			);
		};
/* End PBXProject section */

/* Begin PBXResourcesBuildPhase section */
		A51DBA2821EAD6FF00A0F4D2 /* Resources */ = {
			isa = PBXResourcesBuildPhase;
			buildActionMask = 2147483647;
			files = (
				A51DBA3821EAD70100A0F4D2 /* LaunchScreen.storyboard in Resources */,
				A51DBA3521EAD70100A0F4D2 /* Assets.xcassets in Resources */,
				A51DBA4921ED199900A0F4D2 /* MovieConfiguration.plist in Resources */,
				A51DBA3321EAD6FF00A0F4D2 /* Main.storyboard in Resources */,
			);
			runOnlyForDeploymentPostprocessing = 0;
		};
/* End PBXResourcesBuildPhase section */

/* Begin PBXSourcesBuildPhase section */
		A51DBA2621EAD6FF00A0F4D2 /* Sources */ = {
			isa = PBXSourcesBuildPhase;
			buildActionMask = 2147483647;
			files = (
				A51DBA4021EAD77300A0F4D2 /* MoviesTableViewController.swift in Sources */,
				A51DBA2E21EAD6FF00A0F4D2 /* AppDelegate.swift in Sources */,
				A51DBA4321EAD7B600A0F4D2 /* MovieTableViewCell.swift in Sources */,
				A51DBA4521EAD7CC00A0F4D2 /* MovieCollectionViewCell.swift in Sources */,
			);
			runOnlyForDeploymentPostprocessing = 0;
		};
/* End PBXSourcesBuildPhase section */

/* Begin PBXVariantGroup section */
		A51DBA3121EAD6FF00A0F4D2 /* Main.storyboard */ = {
			isa = PBXVariantGroup;
			children = (
				A51DBA3221EAD6FF00A0F4D2 /* Base */,
			);
			name = Main.storyboard;
			sourceTree = "<group>";
		};
		A51DBA3621EAD70100A0F4D2 /* LaunchScreen.storyboard */ = {
			isa = PBXVariantGroup;
			children = (
				A51DBA3721EAD70100A0F4D2 /* Base */,
			);
			name = LaunchScreen.storyboard;
			sourceTree = "<group>";
		};
/* End PBXVariantGroup section */

/* Begin XCBuildConfiguration section */
		A51DBA3A21EAD70100A0F4D2 /* Debug */ = {
			isa = XCBuildConfiguration;
			buildSettings = {
				ALWAYS_SEARCH_USER_PATHS = NO;
				CLANG_ANALYZER_NONNULL = YES;
				CLANG_ANALYZER_NUMBER_OBJECT_CONVERSION = YES_AGGRESSIVE;
				CLANG_CXX_LANGUAGE_STANDARD = "gnu++14";
				CLANG_CXX_LIBRARY = "libc++";
				CLANG_ENABLE_MODULES = YES;
				CLANG_ENABLE_OBJC_ARC = YES;
				CLANG_ENABLE_OBJC_WEAK = YES;
				CLANG_WARN_BLOCK_CAPTURE_AUTORELEASING = YES;
				CLANG_WARN_BOOL_CONVERSION = YES;
				CLANG_WARN_COMMA = YES;
				CLANG_WARN_CONSTANT_CONVERSION = YES;
				CLANG_WARN_DEPRECATED_OBJC_IMPLEMENTATIONS = YES;
				CLANG_WARN_DIRECT_OBJC_ISA_USAGE = YES_ERROR;
				CLANG_WARN_DOCUMENTATION_COMMENTS = YES;
				CLANG_WARN_EMPTY_BODY = YES;
				CLANG_WARN_ENUM_CONVERSION = YES;
				CLANG_WARN_INFINITE_RECURSION = YES;
				CLANG_WARN_INT_CONVERSION = YES;
				CLANG_WARN_NON_LITERAL_NULL_CONVERSION = YES;
				CLANG_WARN_OBJC_IMPLICIT_RETAIN_SELF = YES;
				CLANG_WARN_OBJC_LITERAL_CONVERSION = YES;
				CLANG_WARN_OBJC_ROOT_CLASS = YES_ERROR;
				CLANG_WARN_RANGE_LOOP_ANALYSIS = YES;
				CLANG_WARN_STRICT_PROTOTYPES = YES;
				CLANG_WARN_SUSPICIOUS_MOVE = YES;
				CLANG_WARN_UNGUARDED_AVAILABILITY = YES_AGGRESSIVE;
				CLANG_WARN_UNREACHABLE_CODE = YES;
				CLANG_WARN__DUPLICATE_METHOD_MATCH = YES;
				CODE_SIGN_IDENTITY = "iPhone Developer";
				COPY_PHASE_STRIP = NO;
				DEBUG_INFORMATION_FORMAT = dwarf;
				ENABLE_STRICT_OBJC_MSGSEND = YES;
				ENABLE_TESTABILITY = YES;
				GCC_C_LANGUAGE_STANDARD = gnu11;
				GCC_DYNAMIC_NO_PIC = NO;
				GCC_NO_COMMON_BLOCKS = YES;
				GCC_OPTIMIZATION_LEVEL = 0;
				GCC_PREPROCESSOR_DEFINITIONS = (
					"DEBUG=1",
					"$(inherited)",
				);
				GCC_WARN_64_TO_32_BIT_CONVERSION = YES;
				GCC_WARN_ABOUT_RETURN_TYPE = YES_ERROR;
				GCC_WARN_UNDECLARED_SELECTOR = YES;
				GCC_WARN_UNINITIALIZED_AUTOS = YES_AGGRESSIVE;
				GCC_WARN_UNUSED_FUNCTION = YES;
				GCC_WARN_UNUSED_VARIABLE = YES;
				IPHONEOS_DEPLOYMENT_TARGET = 12.1;
				MTL_ENABLE_DEBUG_INFO = INCLUDE_SOURCE;
				MTL_FAST_MATH = YES;
				ONLY_ACTIVE_ARCH = YES;
				SDKROOT = iphoneos;
				SWIFT_ACTIVE_COMPILATION_CONDITIONS = DEBUG;
				SWIFT_OPTIMIZATION_LEVEL = "-Onone";
			};
			name = Debug;
		};
		A51DBA3B21EAD70100A0F4D2 /* Release */ = {
			isa = XCBuildConfiguration;
			buildSettings = {
				ALWAYS_SEARCH_USER_PATHS = NO;
				CLANG_ANALYZER_NONNULL = YES;
				CLANG_ANALYZER_NUMBER_OBJECT_CONVERSION = YES_AGGRESSIVE;
				CLANG_CXX_LANGUAGE_STANDARD = "gnu++14";
				CLANG_CXX_LIBRARY = "libc++";
				CLANG_ENABLE_MODULES = YES;
				CLANG_ENABLE_OBJC_ARC = YES;
				CLANG_ENABLE_OBJC_WEAK = YES;
				CLANG_WARN_BLOCK_CAPTURE_AUTORELEASING = YES;
				CLANG_WARN_BOOL_CONVERSION = YES;
				CLANG_WARN_COMMA = YES;
				CLANG_WARN_CONSTANT_CONVERSION = YES;
				CLANG_WARN_DEPRECATED_OBJC_IMPLEMENTATIONS = YES;
				CLANG_WARN_DIRECT_OBJC_ISA_USAGE = YES_ERROR;
				CLANG_WARN_DOCUMENTATION_COMMENTS = YES;
				CLANG_WARN_EMPTY_BODY = YES;
				CLANG_WARN_ENUM_CONVERSION = YES;
				CLANG_WARN_INFINITE_RECURSION = YES;
				CLANG_WARN_INT_CONVERSION = YES;
				CLANG_WARN_NON_LITERAL_NULL_CONVERSION = YES;
				CLANG_WARN_OBJC_IMPLICIT_RETAIN_SELF = YES;
				CLANG_WARN_OBJC_LITERAL_CONVERSION = YES;
				CLANG_WARN_OBJC_ROOT_CLASS = YES_ERROR;
				CLANG_WARN_RANGE_LOOP_ANALYSIS = YES;
				CLANG_WARN_STRICT_PROTOTYPES = YES;
				CLANG_WARN_SUSPICIOUS_MOVE = YES;
				CLANG_WARN_UNGUARDED_AVAILABILITY = YES_AGGRESSIVE;
				CLANG_WARN_UNREACHABLE_CODE = YES;
				CLANG_WARN__DUPLICATE_METHOD_MATCH = YES;
				CODE_SIGN_IDENTITY = "iPhone Developer";
				COPY_PHASE_STRIP = NO;
				DEBUG_INFORMATION_FORMAT = "dwarf-with-dsym";
				ENABLE_NS_ASSERTIONS = NO;
				ENABLE_STRICT_OBJC_MSGSEND = YES;
				GCC_C_LANGUAGE_STANDARD = gnu11;
				GCC_NO_COMMON_BLOCKS = YES;
				GCC_WARN_64_TO_32_BIT_CONVERSION = YES;
				GCC_WARN_ABOUT_RETURN_TYPE = YES_ERROR;
				GCC_WARN_UNDECLARED_SELECTOR = YES;
				GCC_WARN_UNINITIALIZED_AUTOS = YES_AGGRESSIVE;
				GCC_WARN_UNUSED_FUNCTION = YES;
				GCC_WARN_UNUSED_VARIABLE = YES;
				IPHONEOS_DEPLOYMENT_TARGET = 12.1;
				MTL_ENABLE_DEBUG_INFO = NO;
				MTL_FAST_MATH = YES;
				SDKROOT = iphoneos;
				SWIFT_COMPILATION_MODE = wholemodule;
				SWIFT_OPTIMIZATION_LEVEL = "-O";
				VALIDATE_PRODUCT = YES;
			};
			name = Release;
		};
		A51DBA3D21EAD70100A0F4D2 /* Debug */ = {
			isa = XCBuildConfiguration;
			buildSettings = {
				ASSETCATALOG_COMPILER_APPICON_NAME = AppIcon;
				CODE_SIGN_STYLE = Automatic;
				INFOPLIST_FILE = "popular movies app/Info.plist";
				LD_RUNPATH_SEARCH_PATHS = (
					"$(inherited)",
					"@executable_path/Frameworks",
				);
				PRODUCT_BUNDLE_IDENTIFIER = "com.achemsamuel.popular-movies-app";
				PRODUCT_NAME = "$(TARGET_NAME)";
				SWIFT_VERSION = 4.2;
				TARGETED_DEVICE_FAMILY = "1,2";
			};
			name = Debug;
		};
		A51DBA3E21EAD70100A0F4D2 /* Release */ = {
			isa = XCBuildConfiguration;
			buildSettings = {
				ASSETCATALOG_COMPILER_APPICON_NAME = AppIcon;
				CODE_SIGN_STYLE = Automatic;
				INFOPLIST_FILE = "popular movies app/Info.plist";
				LD_RUNPATH_SEARCH_PATHS = (
					"$(inherited)",
					"@executable_path/Frameworks",
				);
				PRODUCT_BUNDLE_IDENTIFIER = "com.achemsamuel.popular-movies-app";
				PRODUCT_NAME = "$(TARGET_NAME)";
				SWIFT_VERSION = 4.2;
				TARGETED_DEVICE_FAMILY = "1,2";
			};
			name = Release;
		};
/* End XCBuildConfiguration section */

/* Begin XCConfigurationList section */
		A51DBA2521EAD6FF00A0F4D2 /* Build configuration list for PBXProject "popular movies app" */ = {
			isa = XCConfigurationList;
			buildConfigurations = (
				A51DBA3A21EAD70100A0F4D2 /* Debug */,
				A51DBA3B21EAD70100A0F4D2 /* Release */,
			);
			defaultConfigurationIsVisible = 0;
			defaultConfigurationName = Release;
		};
		A51DBA3C21EAD70100A0F4D2 /* Build configuration list for PBXNativeTarget "popular movies app" */ = {
			isa = XCConfigurationList;
			buildConfigurations = (
				A51DBA3D21EAD70100A0F4D2 /* Debug */,
				A51DBA3E21EAD70100A0F4D2 /* Release */,
			);
			defaultConfigurationIsVisible = 0;
			defaultConfigurationName = Release;
		};
/* End XCConfigurationList section */
	};
	rootObject = A51DBA2221EAD6FF00A0F4D2 /* Project object */;
}
